
Microsoft Visual Studio Solution File, Format Version 12.00
# Visual Studio Version 17
VisualStudioVersion = 17.7.34031.279
MinimumVisualStudioVersion = 10.0.40219.1
Project("{FAE04EC0-301F-11D3-BF4B-00C04F79EFBC}") = "WebApplication2", "WebApplication2\WebApplication2.csproj", "{4F9BF58C-9C2E-4A11-9C79-AA572A4C3035}"
EndProject
Global
	GlobalSection(SolutionConfigurationPlatforms) = preSolution
		Debug|Any CPU = Debug|Any CPU
		Release|Any CPU = Release|Any CPU
	EndGlobalSection
	GlobalSection(ProjectConfigurationPlatforms) = postSolution
		{4F9BF58C-9C2E-4A11-9C79-AA572A4C3035}.Debug|Any CPU.ActiveCfg = Debug|Any CPU
		{4F9BF58C-9C2E-4A11-9C79-AA572A4C3035}.Debug|Any CPU.Build.0 = Debug|Any CPU
		{4F9BF58C-9C2E-4A11-9C79-AA572A4C3035}.Release|Any CPU.ActiveCfg = Release|Any CPU
		{4F9BF58C-9C2E-4A11-9C79-AA572A4C3035}.Release|Any CPU.Build.0 = Release|Any CPU
	EndGlobalSection
	GlobalSection(SolutionProperties) = preSolution
		HideSolutionNode = FALSE
	EndGlobalSection
	GlobalSection(ExtensibilityGlobals) = postSolution
		SolutionGuid = {D62A29F1-897E-46F6-8FE0-B6C839C8C258}
	EndGlobalSection
EndGlobal
